
Microsoft Visual Studio Solution File, Format Version 12.00
# Visual Studio Version 17
VisualStudioVersion = 17.3.32929.385
MinimumVisualStudioVersion = 10.0.40219.1
Project("{FAE04EC0-301F-11D3-BF4B-00C04F79EFBC}") = "proj_Bomberman", "proj_Bomberman\proj_Bomberman.csproj", "{52452245-216C-4640-9C62-335CC27289DF}"
EndProject
Global
	GlobalSection(SolutionConfigurationPlatforms) = preSolution
		Debug|Any CPU = Debug|Any CPU
		Release|Any CPU = Release|Any CPU
	EndGlobalSection
	GlobalSection(ProjectConfigurationPlatforms) = postSolution
		{52452245-216C-4640-9C62-335CC27289DF}.Debug|Any CPU.ActiveCfg = Debug|Any CPU
		{52452245-216C-4640-9C62-335CC27289DF}.Debug|Any CPU.Build.0 = Debug|Any CPU
		{52452245-216C-4640-9C62-335CC27289DF}.Release|Any CPU.ActiveCfg = Release|Any CPU
		{52452245-216C-4640-9C62-335CC27289DF}.Release|Any CPU.Build.0 = Release|Any CPU
	EndGlobalSection
	GlobalSection(SolutionProperties) = preSolution
		HideSolutionNode = FALSE
	EndGlobalSection
	GlobalSection(ExtensibilityGlobals) = postSolution
		SolutionGuid = {E2A68C6A-648A-4CF6-97D3-D6BFB6E29B9D}
	EndGlobalSection
EndGlobal
